
Microsoft Visual Studio Solution File, Format Version 12.00
# Visual Studio Version 17
VisualStudioVersion = 17.5.33530.505
MinimumVisualStudioVersion = 10.0.40219.1
Project("{9A19103F-16F7-4668-BE54-9A1E7A4F7556}") = "Journal", "Journal\Journal.csproj", "{CF5447CE-D77F-48E9-A76E-6245C0953111}"
EndProject
Global
	GlobalSection(SolutionConfigurationPlatforms) = preSolution
		Debug|Any CPU = Debug|Any CPU
		Release|Any CPU = Release|Any CPU
	EndGlobalSection
	GlobalSection(ProjectConfigurationPlatforms) = postSolution
		{CF5447CE-D77F-48E9-A76E-6245C0953111}.Debug|Any CPU.ActiveCfg = Debug|Any CPU
		{CF5447CE-D77F-48E9-A76E-6245C0953111}.Debug|Any CPU.Build.0 = Debug|Any CPU
		{CF5447CE-D77F-48E9-A76E-6245C0953111}.Release|Any CPU.ActiveCfg = Release|Any CPU
		{CF5447CE-D77F-48E9-A76E-6245C0953111}.Release|Any CPU.Build.0 = Release|Any CPU
	EndGlobalSection
	GlobalSection(SolutionProperties) = preSolution
		HideSolutionNode = FALSE
	EndGlobalSection
	GlobalSection(ExtensibilityGlobals) = postSolution
		SolutionGuid = {70DA8F36-43F9-495B-87A1-DE02514CED4A}
	EndGlobalSection
EndGlobal
